
Microsoft Visual Studio Solution File, Format Version 12.00
# Visual Studio Version 16
VisualStudioVersion = 16.0.810.11
MinimumVisualStudioVersion = 10.0.40219.1
Project("{FAE04EC0-301F-11D3-BF4B-00C04F79EFBC}") = "taskConsume", "taskConsume\taskConsume.csproj", "{6B698CD8-0002-40EC-95E1-B25764BABEC3}"
EndProject
Global
	GlobalSection(SolutionConfigurationPlatforms) = preSolution
		Debug|Any CPU = Debug|Any CPU
		Release|Any CPU = Release|Any CPU
	EndGlobalSection
	GlobalSection(ProjectConfigurationPlatforms) = postSolution
		{6B698CD8-0002-40EC-95E1-B25764BABEC3}.Debug|Any CPU.ActiveCfg = Debug|Any CPU
		{6B698CD8-0002-40EC-95E1-B25764BABEC3}.Debug|Any CPU.Build.0 = Debug|Any CPU
		{6B698CD8-0002-40EC-95E1-B25764BABEC3}.Release|Any CPU.ActiveCfg = Release|Any CPU
		{6B698CD8-0002-40EC-95E1-B25764BABEC3}.Release|Any CPU.Build.0 = Release|Any CPU
	EndGlobalSection
	GlobalSection(SolutionProperties) = preSolution
		HideSolutionNode = FALSE
	EndGlobalSection
	GlobalSection(ExtensibilityGlobals) = postSolution
		SolutionGuid = {F3505FCA-6C62-4353-A317-2B162FA2A878}
	EndGlobalSection
EndGlobal
